
Microsoft Visual Studio Solution File, Format Version 12.00
Project("{FAE04EC0-301F-11D3-BF4B-00C04F79EFBC}") = "WrigglingTale", "WrigglingTale\WrigglingTale.csproj", "{B4B530B4-0531-4986-A77F-4F101A280127}"
EndProject
Global
	GlobalSection(SolutionConfigurationPlatforms) = preSolution
		Debug|Any CPU = Debug|Any CPU
		Release|Any CPU = Release|Any CPU
	EndGlobalSection
	GlobalSection(ProjectConfigurationPlatforms) = postSolution
		{B4B530B4-0531-4986-A77F-4F101A280127}.Debug|Any CPU.ActiveCfg = Debug|Any CPU
		{B4B530B4-0531-4986-A77F-4F101A280127}.Debug|Any CPU.Build.0 = Debug|Any CPU
		{B4B530B4-0531-4986-A77F-4F101A280127}.Release|Any CPU.ActiveCfg = Release|Any CPU
		{B4B530B4-0531-4986-A77F-4F101A280127}.Release|Any CPU.Build.0 = Release|Any CPU
	EndGlobalSection
EndGlobal
